
Microsoft Visual Studio Solution File, Format Version 12.00
# Visual Studio Version 16
VisualStudioVersion = 16.0.30709.132
MinimumVisualStudioVersion = 10.0.40219.1
Project("{FAE04EC0-301F-11D3-BF4B-00C04F79EFBC}") = "ImageToBasicGraphic", "ImageToBasicGraphic\ImageToBasicGraphic.csproj", "{04D0B010-AD25-4128-A365-22B9850FB0D1}"
EndProject
Global
	GlobalSection(SolutionConfigurationPlatforms) = preSolution
		Debug|Any CPU = Debug|Any CPU
		Release|Any CPU = Release|Any CPU
	EndGlobalSection
	GlobalSection(ProjectConfigurationPlatforms) = postSolution
		{04D0B010-AD25-4128-A365-22B9850FB0D1}.Debug|Any CPU.ActiveCfg = Debug|Any CPU
		{04D0B010-AD25-4128-A365-22B9850FB0D1}.Debug|Any CPU.Build.0 = Debug|Any CPU
		{04D0B010-AD25-4128-A365-22B9850FB0D1}.Release|Any CPU.ActiveCfg = Release|Any CPU
		{04D0B010-AD25-4128-A365-22B9850FB0D1}.Release|Any CPU.Build.0 = Release|Any CPU
	EndGlobalSection
	GlobalSection(SolutionProperties) = preSolution
		HideSolutionNode = FALSE
	EndGlobalSection
	GlobalSection(ExtensibilityGlobals) = postSolution
		SolutionGuid = {0B470EE2-F5CA-4DD6-BA75-2E7968C81892}
	EndGlobalSection
EndGlobal
